
Microsoft Visual Studio Solution File, Format Version 12.00
# Visual Studio Version 16
VisualStudioVersion = 16.0.28922.388
MinimumVisualStudioVersion = 10.0.40219.1
Project("{FAE04EC0-301F-11D3-BF4B-00C04F79EFBC}") = "Tiemo", "Tiemo.csproj", "{F70EBB61-DB20-474C-9749-C9563E032023}"
EndProject
Global
	GlobalSection(SolutionConfigurationPlatforms) = preSolution
		Debug|Any CPU = Debug|Any CPU
		Release|Any CPU = Release|Any CPU
	EndGlobalSection
	GlobalSection(ProjectConfigurationPlatforms) = postSolution
		{F70EBB61-DB20-474C-9749-C9563E032023}.Debug|Any CPU.ActiveCfg = Debug|Any CPU
		{F70EBB61-DB20-474C-9749-C9563E032023}.Debug|Any CPU.Build.0 = Debug|Any CPU
		{F70EBB61-DB20-474C-9749-C9563E032023}.Release|Any CPU.ActiveCfg = Release|Any CPU
		{F70EBB61-DB20-474C-9749-C9563E032023}.Release|Any CPU.Build.0 = Release|Any CPU
	EndGlobalSection
	GlobalSection(SolutionProperties) = preSolution
		HideSolutionNode = FALSE
	EndGlobalSection
	GlobalSection(ExtensibilityGlobals) = postSolution
		SolutionGuid = {FEB6875A-FB1B-4EC9-AC94-DE0D08EA6006}
	EndGlobalSection
EndGlobal
